
Microsoft Visual Studio Solution File, Format Version 12.00
# Visual Studio Version 16
VisualStudioVersion = 16.0.30002.166
MinimumVisualStudioVersion = 10.0.40219.1
Project("{FAE04EC0-301F-11D3-BF4B-00C04F79EFBC}") = "jeuDeLaVie", "jeuDeLaVie\jeuDeLaVie.csproj", "{495E8709-DF4B-4FC0-8E6B-024637463840}"
EndProject
Global
	GlobalSection(SolutionConfigurationPlatforms) = preSolution
		Debug|Any CPU = Debug|Any CPU
		Release|Any CPU = Release|Any CPU
	EndGlobalSection
	GlobalSection(ProjectConfigurationPlatforms) = postSolution
		{495E8709-DF4B-4FC0-8E6B-024637463840}.Debug|Any CPU.ActiveCfg = Debug|Any CPU
		{495E8709-DF4B-4FC0-8E6B-024637463840}.Debug|Any CPU.Build.0 = Debug|Any CPU
		{495E8709-DF4B-4FC0-8E6B-024637463840}.Release|Any CPU.ActiveCfg = Release|Any CPU
		{495E8709-DF4B-4FC0-8E6B-024637463840}.Release|Any CPU.Build.0 = Release|Any CPU
	EndGlobalSection
	GlobalSection(SolutionProperties) = preSolution
		HideSolutionNode = FALSE
	EndGlobalSection
	GlobalSection(ExtensibilityGlobals) = postSolution
		SolutionGuid = {7E4AE1AA-1885-4B0B-8332-EA9CD2F5C138}
	EndGlobalSection
EndGlobal
